
Microsoft Visual Studio Solution File, Format Version 12.00
# Visual Studio Version 16
VisualStudioVersion = 16.0.33027.164
MinimumVisualStudioVersion = 10.0.40219.1
Project("{FAE04EC0-301F-11D3-BF4B-00C04F79EFBC}") = "Engine", "Engine.csproj", "{B03F694A-1E10-4A8B-A89F-E3E950EC9A94}"
EndProject
Global
	GlobalSection(SolutionConfigurationPlatforms) = preSolution
		Debug|Any CPU = Debug|Any CPU
		Release|Any CPU = Release|Any CPU
	EndGlobalSection
	GlobalSection(ProjectConfigurationPlatforms) = postSolution
		{B03F694A-1E10-4A8B-A89F-E3E950EC9A94}.Debug|Any CPU.ActiveCfg = Debug|Any CPU
		{B03F694A-1E10-4A8B-A89F-E3E950EC9A94}.Debug|Any CPU.Build.0 = Debug|Any CPU
		{B03F694A-1E10-4A8B-A89F-E3E950EC9A94}.Release|Any CPU.ActiveCfg = Release|Any CPU
		{B03F694A-1E10-4A8B-A89F-E3E950EC9A94}.Release|Any CPU.Build.0 = Release|Any CPU
	EndGlobalSection
	GlobalSection(SolutionProperties) = preSolution
		HideSolutionNode = FALSE
	EndGlobalSection
	GlobalSection(ExtensibilityGlobals) = postSolution
		SolutionGuid = {6F5AA49F-8DC6-48D9-8220-6E769F95B152}
	EndGlobalSection
EndGlobal
